<?xml version="1.0" encoding="utf-8"?>
<Project ToolsVersion="4.0" xmlns="http://schemas.microsoft.com/developer/msbuild/2003">
  <ItemGroup>
    <Filter Include="VitDragonEngine">
      <UniqueIdentifier>{E92792AE-55B3-FF72-5EC4-8267CACE5B73}</UniqueIdentifier>
    </Filter>
    <Filter Include="VitDragonEngine\Events">
      <UniqueIdentifier>{ADB32031-99AD-4983-821A-E0936EB3AFEF}</UniqueIdentifier>
    </Filter>
  </ItemGroup>
  <ItemGroup>
    <ClInclude Include="src\VitDragonEngine.h" />
    <ClInclude Include="src\VitDragonEngine\Application.h">
      <Filter>VitDragonEngine</Filter>
    </ClInclude>
    <ClInclude Include="src\VitDragonEngine\Core.h">
      <Filter>VitDragonEngine</Filter>
    </ClInclude>
    <ClInclude Include="src\VitDragonEngine\EntryPoint.h">
      <Filter>VitDragonEngine</Filter>
    </ClInclude>
    <ClInclude Include="src\VitDragonEngine\Events\ApplicationEvent.h">
      <Filter>VitDragonEngine\Events</Filter>
    </ClInclude>
    <ClInclude Include="src\VitDragonEngine\Events\Event.h">
      <Filter>VitDragonEngine\Events</Filter>
    </ClInclude>
    <ClInclude Include="src\VitDragonEngine\Events\KeyEvent.h">
      <Filter>VitDragonEngine\Events</Filter>
    </ClInclude>
    <ClInclude Include="src\VitDragonEngine\Events\MouseEvent.h">
      <Filter>VitDragonEngine\Events</Filter>
    </ClInclude>
    <ClInclude Include="src\VitDragonEngine\Log.h">
      <Filter>VitDragonEngine</Filter>
    </ClInclude>
  </ItemGroup>
  <ItemGroup>
    <ClCompile Include="src\VitDragonEngine\Application.cpp">
      <Filter>VitDragonEngine</Filter>
    </ClCompile>
    <ClCompile Include="src\VitDragonEngine\Log.cpp">
      <Filter>VitDragonEngine</Filter>
    </ClCompile>
  </ItemGroup>
</Project>